
Microsoft Visual Studio Solution File, Format Version 12.00
# Visual Studio Version 17
VisualStudioVersion = 17.3.32825.248
MinimumVisualStudioVersion = 10.0.40219.1
Project("{9A19103F-16F7-4668-BE54-9A1E7A4F7556}") = "BestPractices.Api", "WebApi.NET6.BestPractices.Api\BestPractices.Api.csproj", "{7065C068-1E56-4D0A-9C6E-34DDC7EC2BBA}"
EndProject
Project("{9A19103F-16F7-4668-BE54-9A1E7A4F7556}") = "BestPractices.Core", "BestPractices.Core\BestPractices.Core.csproj", "{D407E8A5-01F8-4711-9A33-BD9886064EB0}"
EndProject
Project("{9A19103F-16F7-4668-BE54-9A1E7A4F7556}") = "BestPractices.Common", "BestPractices.Common\BestPractices.Common.csproj", "{40E10C58-FA46-4598-8548-278B16E2C64E}"
EndProject
Global
	GlobalSection(SolutionConfigurationPlatforms) = preSolution
		Debug|Any CPU = Debug|Any CPU
		Release|Any CPU = Release|Any CPU
	EndGlobalSection
	GlobalSection(ProjectConfigurationPlatforms) = postSolution
		{7065C068-1E56-4D0A-9C6E-34DDC7EC2BBA}.Debug|Any CPU.ActiveCfg = Debug|Any CPU
		{7065C068-1E56-4D0A-9C6E-34DDC7EC2BBA}.Debug|Any CPU.Build.0 = Debug|Any CPU
		{7065C068-1E56-4D0A-9C6E-34DDC7EC2BBA}.Release|Any CPU.ActiveCfg = Release|Any CPU
		{7065C068-1E56-4D0A-9C6E-34DDC7EC2BBA}.Release|Any CPU.Build.0 = Release|Any CPU
		{D407E8A5-01F8-4711-9A33-BD9886064EB0}.Debug|Any CPU.ActiveCfg = Debug|Any CPU
		{D407E8A5-01F8-4711-9A33-BD9886064EB0}.Debug|Any CPU.Build.0 = Debug|Any CPU
		{D407E8A5-01F8-4711-9A33-BD9886064EB0}.Release|Any CPU.ActiveCfg = Release|Any CPU
		{D407E8A5-01F8-4711-9A33-BD9886064EB0}.Release|Any CPU.Build.0 = Release|Any CPU
		{40E10C58-FA46-4598-8548-278B16E2C64E}.Debug|Any CPU.ActiveCfg = Debug|Any CPU
		{40E10C58-FA46-4598-8548-278B16E2C64E}.Debug|Any CPU.Build.0 = Debug|Any CPU
		{40E10C58-FA46-4598-8548-278B16E2C64E}.Release|Any CPU.ActiveCfg = Release|Any CPU
		{40E10C58-FA46-4598-8548-278B16E2C64E}.Release|Any CPU.Build.0 = Release|Any CPU
	EndGlobalSection
	GlobalSection(SolutionProperties) = preSolution
		HideSolutionNode = FALSE
	EndGlobalSection
	GlobalSection(ExtensibilityGlobals) = postSolution
		SolutionGuid = {A8A0D347-47AF-4E28-8620-47FD8C335DB7}
	EndGlobalSection
EndGlobal
